
Microsoft Visual Studio Solution File, Format Version 12.00
# Visual Studio Version 17
VisualStudioVersion = 17.5.33502.453
MinimumVisualStudioVersion = 10.0.40219.1
Project("{FAE04EC0-301F-11D3-BF4B-00C04F79EFBC}") = "4. konto oszczednosciowe", "4. konto oszczednosciowe.csproj", "{B237A6A9-9A25-441E-9A9F-E7E14A7FFC03}"
EndProject
Global
	GlobalSection(SolutionConfigurationPlatforms) = preSolution
		Debug|Any CPU = Debug|Any CPU
		Release|Any CPU = Release|Any CPU
	EndGlobalSection
	GlobalSection(ProjectConfigurationPlatforms) = postSolution
		{B237A6A9-9A25-441E-9A9F-E7E14A7FFC03}.Debug|Any CPU.ActiveCfg = Debug|Any CPU
		{B237A6A9-9A25-441E-9A9F-E7E14A7FFC03}.Debug|Any CPU.Build.0 = Debug|Any CPU
		{B237A6A9-9A25-441E-9A9F-E7E14A7FFC03}.Release|Any CPU.ActiveCfg = Release|Any CPU
		{B237A6A9-9A25-441E-9A9F-E7E14A7FFC03}.Release|Any CPU.Build.0 = Release|Any CPU
	EndGlobalSection
	GlobalSection(SolutionProperties) = preSolution
		HideSolutionNode = FALSE
	EndGlobalSection
	GlobalSection(ExtensibilityGlobals) = postSolution
		SolutionGuid = {E9490FA2-0761-4D50-8B3B-7C3172DA8544}
	EndGlobalSection
EndGlobal
